// !$*UTF8*$!
{
	archiveVersion = 1;
	classes = {
	};
	objectVersion = 51;
	objects = {

/* Begin PBXBuildFile section */
		4943F0F92648CD16007B49B9 /* Assets.xcassets in Resources */ = {isa = PBXBuildFile; fileRef = 4943F0F82648CD16007B49B9 /* Assets.xcassets */; };
		4943F0FD2648D0FE007B49B9 /* CommentsViewController.swift in Sources */ = {isa = PBXBuildFile; fileRef = 4943F0FC2648D0FE007B49B9 /* CommentsViewController.swift */; };
		496A7F27263D0B1000FB0965 /* PostTableViewCell.swift in Sources */ = {isa = PBXBuildFile; fileRef = 496A7F25263D0B1000FB0965 /* PostTableViewCell.swift */; };
		496A7F28263D0B1000FB0965 /* PostTableViewCell.xib in Resources */ = {isa = PBXBuildFile; fileRef = 496A7F26263D0B1000FB0965 /* PostTableViewCell.xib */; };
		497E21F62637BAE0004355D5 /* AppDelegate.swift in Sources */ = {isa = PBXBuildFile; fileRef = 497E21F52637BAE0004355D5 /* AppDelegate.swift */; };
		497E21F82637BAE0004355D5 /* SceneDelegate.swift in Sources */ = {isa = PBXBuildFile; fileRef = 497E21F72637BAE0004355D5 /* SceneDelegate.swift */; };
		497E21FD2637BAE0004355D5 /* Main.storyboard in Resources */ = {isa = PBXBuildFile; fileRef = 497E21FB2637BAE0004355D5 /* Main.storyboard */; };
		497E21FF2637BAE1004355D5 /* Assets.xcassets in Resources */ = {isa = PBXBuildFile; fileRef = 497E21FE2637BAE1004355D5 /* Assets.xcassets */; };
		497E22022637BAE1004355D5 /* LaunchScreen.storyboard in Resources */ = {isa = PBXBuildFile; fileRef = 497E22002637BAE1004355D5 /* LaunchScreen.storyboard */; };
		497E22172637BE2C004355D5 /* LoginViewController.swift in Sources */ = {isa = PBXBuildFile; fileRef = 497E22162637BE2C004355D5 /* LoginViewController.swift */; };
		497E221B2637BE83004355D5 /* HomeViewController.swift in Sources */ = {isa = PBXBuildFile; fileRef = 497E221A2637BE83004355D5 /* HomeViewController.swift */; };
		497E221F2637BEB0004355D5 /* ImageSelectViewController.swift in Sources */ = {isa = PBXBuildFile; fileRef = 497E221E2637BEB0004355D5 /* ImageSelectViewController.swift */; };
		497E22232637BEFB004355D5 /* PostViewController.swift in Sources */ = {isa = PBXBuildFile; fileRef = 497E22222637BEFB004355D5 /* PostViewController.swift */; };
		497E22292637BF3B004355D5 /* SettingViewController.swift in Sources */ = {isa = PBXBuildFile; fileRef = 497E22282637BF3B004355D5 /* SettingViewController.swift */; };
		497E222E2637CCBA004355D5 /* TabBarController.swift in Sources */ = {isa = PBXBuildFile; fileRef = 497E222D2637CCBA004355D5 /* TabBarController.swift */; };
		497E22312637DB47004355D5 /* GoogleService-Info.plist in Resources */ = {isa = PBXBuildFile; fileRef = 497E22302637DB47004355D5 /* GoogleService-Info.plist */; };
		49B5853F263A921F00FF6417 /* Const.swift in Sources */ = {isa = PBXBuildFile; fileRef = 49B5853E263A921F00FF6417 /* Const.swift */; };
		49B5855F263BD8BF00FF6417 /* PostData.swift in Sources */ = {isa = PBXBuildFile; fileRef = 49B5855E263BD8BF00FF6417 /* PostData.swift */; };
		D48874637DE54E4E96E1D756 /* Pods_Instagram.framework in Frameworks */ = {isa = PBXBuildFile; fileRef = EFEED979F1409E476670235D /* Pods_Instagram.framework */; };
/* End PBXBuildFile section */

/* Begin PBXFileReference section */
		4943F0F82648CD16007B49B9 /* Assets.xcassets */ = {isa = PBXFileReference; lastKnownFileType = folder.assetcatalog; path = Assets.xcassets; sourceTree = "<group>"; };
		4943F0FC2648D0FE007B49B9 /* CommentsViewController.swift */ = {isa = PBXFileReference; lastKnownFileType = sourcecode.swift; path = CommentsViewController.swift; sourceTree = "<group>"; };
		496A7F25263D0B1000FB0965 /* PostTableViewCell.swift */ = {isa = PBXFileReference; lastKnownFileType = sourcecode.swift; path = PostTableViewCell.swift; sourceTree = "<group>"; };
		496A7F26263D0B1000FB0965 /* PostTableViewCell.xib */ = {isa = PBXFileReference; lastKnownFileType = file.xib; path = PostTableViewCell.xib; sourceTree = "<group>"; };
		497E21F22637BAE0004355D5 /* Instagram.app */ = {isa = PBXFileReference; explicitFileType = wrapper.application; includeInIndex = 0; path = Instagram.app; sourceTree = BUILT_PRODUCTS_DIR; };
		497E21F52637BAE0004355D5 /* AppDelegate.swift */ = {isa = PBXFileReference; lastKnownFileType = sourcecode.swift; path = AppDelegate.swift; sourceTree = "<group>"; };
		497E21F72637BAE0004355D5 /* SceneDelegate.swift */ = {isa = PBXFileReference; lastKnownFileType = sourcecode.swift; path = SceneDelegate.swift; sourceTree = "<group>"; };
		497E21FC2637BAE0004355D5 /* Base */ = {isa = PBXFileReference; lastKnownFileType = file.storyboard; name = Base; path = Base.lproj/Main.storyboard; sourceTree = "<group>"; };
		497E21FE2637BAE1004355D5 /* Assets.xcassets */ = {isa = PBXFileReference; lastKnownFileType = folder.assetcatalog; path = Assets.xcassets; sourceTree = "<group>"; };
		497E22012637BAE1004355D5 /* Base */ = {isa = PBXFileReference; lastKnownFileType = file.storyboard; name = Base; path = Base.lproj/LaunchScreen.storyboard; sourceTree = "<group>"; };
		497E22032637BAE1004355D5 /* Info.plist */ = {isa = PBXFileReference; lastKnownFileType = text.plist.xml; path = Info.plist; sourceTree = "<group>"; };
		497E22162637BE2C004355D5 /* LoginViewController.swift */ = {isa = PBXFileReference; lastKnownFileType = sourcecode.swift; path = LoginViewController.swift; sourceTree = "<group>"; };
		497E221A2637BE83004355D5 /* HomeViewController.swift */ = {isa = PBXFileReference; lastKnownFileType = sourcecode.swift; path = HomeViewController.swift; sourceTree = "<group>"; };
		497E221E2637BEB0004355D5 /* ImageSelectViewController.swift */ = {isa = PBXFileReference; lastKnownFileType = sourcecode.swift; path = ImageSelectViewController.swift; sourceTree = "<group>"; };
		497E22222637BEFB004355D5 /* PostViewController.swift */ = {isa = PBXFileReference; lastKnownFileType = sourcecode.swift; path = PostViewController.swift; sourceTree = "<group>"; };
		497E22282637BF3B004355D5 /* SettingViewController.swift */ = {isa = PBXFileReference; lastKnownFileType = sourcecode.swift; path = SettingViewController.swift; sourceTree = "<group>"; };
		497E222D2637CCBA004355D5 /* TabBarController.swift */ = {isa = PBXFileReference; lastKnownFileType = sourcecode.swift; path = TabBarController.swift; sourceTree = "<group>"; };
		497E22302637DB47004355D5 /* GoogleService-Info.plist */ = {isa = PBXFileReference; fileEncoding = 4; lastKnownFileType = text.plist.xml; path = "GoogleService-Info.plist"; sourceTree = "<group>"; };
		49B5853E263A921F00FF6417 /* Const.swift */ = {isa = PBXFileReference; lastKnownFileType = sourcecode.swift; path = Const.swift; sourceTree = "<group>"; };
		49B5855E263BD8BF00FF6417 /* PostData.swift */ = {isa = PBXFileReference; lastKnownFileType = sourcecode.swift; path = PostData.swift; sourceTree = "<group>"; };
		5E16E2030F54D622730A14B2 /* Pods-Instagram.debug.xcconfig */ = {isa = PBXFileReference; includeInIndex = 1; lastKnownFileType = text.xcconfig; name = "Pods-Instagram.debug.xcconfig"; path = "Target Support Files/Pods-Instagram/Pods-Instagram.debug.xcconfig"; sourceTree = "<group>"; };
		EFEED979F1409E476670235D /* Pods_Instagram.framework */ = {isa = PBXFileReference; explicitFileType = wrapper.framework; includeInIndex = 0; path = Pods_Instagram.framework; sourceTree = BUILT_PRODUCTS_DIR; };
		F3079EE7AF464F8FB1075D1A /* Pods-Instagram.release.xcconfig */ = {isa = PBXFileReference; includeInIndex = 1; lastKnownFileType = text.xcconfig; name = "Pods-Instagram.release.xcconfig"; path = "Target Support Files/Pods-Instagram/Pods-Instagram.release.xcconfig"; sourceTree = "<group>"; };
/* End PBXFileReference section */

/* Begin PBXFrameworksBuildPhase section */
		497E21EF2637BAE0004355D5 /* Frameworks */ = {
			isa = PBXFrameworksBuildPhase;
			buildActionMask = 2147483647;
			files = (
				D48874637DE54E4E96E1D756 /* Pods_Instagram.framework in Frameworks */,
			);
			runOnlyForDeploymentPostprocessing = 0;
		};
/* End PBXFrameworksBuildPhase section */

/* Begin PBXGroup section */
		497E21E92637BAE0004355D5 = {
			isa = PBXGroup;
			children = (
				497E21F42637BAE0004355D5 /* Instagram */,
				497E21F32637BAE0004355D5 /* Products */,
				B9B003017EEF93C4FE85B6BC /* Pods */,
				A329F20459A28E5BA400BCB9 /* Frameworks */,
			);
			sourceTree = "<group>";
		};
		497E21F32637BAE0004355D5 /* Products */ = {
			isa = PBXGroup;
			children = (
				497E21F22637BAE0004355D5 /* Instagram.app */,
			);
			name = Products;
			sourceTree = "<group>";
		};
		497E21F42637BAE0004355D5 /* Instagram */ = {
			isa = PBXGroup;
			children = (
				4943F0F82648CD16007B49B9 /* Assets.xcassets */,
				497E21F52637BAE0004355D5 /* AppDelegate.swift */,
				497E21F72637BAE0004355D5 /* SceneDelegate.swift */,
				497E222D2637CCBA004355D5 /* TabBarController.swift */,
				497E22162637BE2C004355D5 /* LoginViewController.swift */,
				497E221A2637BE83004355D5 /* HomeViewController.swift */,
				4943F0FC2648D0FE007B49B9 /* CommentsViewController.swift */,
				497E221E2637BEB0004355D5 /* ImageSelectViewController.swift */,
				496A7F25263D0B1000FB0965 /* PostTableViewCell.swift */,
				496A7F26263D0B1000FB0965 /* PostTableViewCell.xib */,
				49B5855E263BD8BF00FF6417 /* PostData.swift */,
				497E22222637BEFB004355D5 /* PostViewController.swift */,
				497E22282637BF3B004355D5 /* SettingViewController.swift */,
				49B5853E263A921F00FF6417 /* Const.swift */,
				497E21FB2637BAE0004355D5 /* Main.storyboard */,
				497E21FE2637BAE1004355D5 /* Assets.xcassets */,
				497E22002637BAE1004355D5 /* LaunchScreen.storyboard */,
				497E22032637BAE1004355D5 /* Info.plist */,
				497E22302637DB47004355D5 /* GoogleService-Info.plist */,
			);
			path = Instagram;
			sourceTree = "<group>";
		};
		A329F20459A28E5BA400BCB9 /* Frameworks */ = {
			isa = PBXGroup;
			children = (
				EFEED979F1409E476670235D /* Pods_Instagram.framework */,
			);
			name = Frameworks;
			sourceTree = "<group>";
		};
		B9B003017EEF93C4FE85B6BC /* Pods */ = {
			isa = PBXGroup;
			children = (
				5E16E2030F54D622730A14B2 /* Pods-Instagram.debug.xcconfig */,
				F3079EE7AF464F8FB1075D1A /* Pods-Instagram.release.xcconfig */,
			);
			path = Pods;
			sourceTree = "<group>";
		};
/* End PBXGroup section */

/* Begin PBXNativeTarget section */
		497E21F12637BAE0004355D5 /* Instagram */ = {
			isa = PBXNativeTarget;
			buildConfigurationList = 497E22062637BAE1004355D5 /* Build configuration list for PBXNativeTarget "Instagram" */;
			buildPhases = (
				43DAF548C91B7D922A45AB04 /* [CP] Check Pods Manifest.lock */,
				497E21EE2637BAE0004355D5 /* Sources */,
				497E21EF2637BAE0004355D5 /* Frameworks */,
				497E21F02637BAE0004355D5 /* Resources */,
				47AA670F4A177ACA55FC287F /* [CP] Embed Pods Frameworks */,
			);
			buildRules = (
			);
			dependencies = (
			);
			name = Instagram;
			productName = Instagram;
			productReference = 497E21F22637BAE0004355D5 /* Instagram.app */;
			productType = "com.apple.product-type.application";
		};
/* End PBXNativeTarget section */

/* Begin PBXProject section */
		497E21EA2637BAE0004355D5 /* Project object */ = {
			isa = PBXProject;
			attributes = {
				LastSwiftUpdateCheck = 1220;
				LastUpgradeCheck = 1220;
				TargetAttributes = {
					497E21F12637BAE0004355D5 = {
						CreatedOnToolsVersion = 12.2;
					};
				};
			};
			buildConfigurationList = 497E21ED2637BAE0004355D5 /* Build configuration list for PBXProject "Instagram" */;
			compatibilityVersion = "Xcode 9.3";
			developmentRegion = en;
			hasScannedForEncodings = 0;
			knownRegions = (
				en,
				Base,
			);
			mainGroup = 497E21E92637BAE0004355D5;
			productRefGroup = 497E21F32637BAE0004355D5 /* Products */;
			projectDirPath = "";
			projectRoot = "";
			targets = (
				497E21F12637BAE0004355D5 /* Instagram */,
			);
		};
/* End PBXProject section */

/* Begin PBXResourcesBuildPhase section */
		497E21F02637BAE0004355D5 /* Resources */ = {
			isa = PBXResourcesBuildPhase;
			buildActionMask = 2147483647;
			files = (
				497E22022637BAE1004355D5 /* LaunchScreen.storyboard in Resources */,
				496A7F28263D0B1000FB0965 /* PostTableViewCell.xib in Resources */,
				497E22312637DB47004355D5 /* GoogleService-Info.plist in Resources */,
				497E21FF2637BAE1004355D5 /* Assets.xcassets in Resources */,
				4943F0F92648CD16007B49B9 /* Assets.xcassets in Resources */,
				497E21FD2637BAE0004355D5 /* Main.storyboard in Resources */,
			);
			runOnlyForDeploymentPostprocessing = 0;
		};
/* End PBXResourcesBuildPhase section */

/* Begin PBXShellScriptBuildPhase section */
		43DAF548C91B7D922A45AB04 /* [CP] Check Pods Manifest.lock */ = {
			isa = PBXShellScriptBuildPhase;
			buildActionMask = 2147483647;
			files = (
			);
			inputFileListPaths = (
			);
			inputPaths = (
				"${PODS_PODFILE_DIR_PATH}/Podfile.lock",
				"${PODS_ROOT}/Manifest.lock",
			);
			name = "[CP] Check Pods Manifest.lock";
			outputFileListPaths = (
			);
			outputPaths = (
				"$(DERIVED_FILE_DIR)/Pods-Instagram-checkManifestLockResult.txt",
			);
			runOnlyForDeploymentPostprocessing = 0;
			shellPath = /bin/sh;
			shellScript = "diff \"${PODS_PODFILE_DIR_PATH}/Podfile.lock\" \"${PODS_ROOT}/Manifest.lock\" > /dev/null\nif [ $? != 0 ] ; then\n    # print error to STDERR\n    echo \"error: The sandbox is not in sync with the Podfile.lock. Run 'pod install' or update your CocoaPods installation.\" >&2\n    exit 1\nfi\n# This output is used by Xcode 'outputs' to avoid re-running this script phase.\necho \"SUCCESS\" > \"${SCRIPT_OUTPUT_FILE_0}\"\n";
			showEnvVarsInLog = 0;
		};
		47AA670F4A177ACA55FC287F /* [CP] Embed Pods Frameworks */ = {
			isa = PBXShellScriptBuildPhase;
			buildActionMask = 2147483647;
			files = (
			);
			inputFileListPaths = (
				"${PODS_ROOT}/Target Support Files/Pods-Instagram/Pods-Instagram-frameworks-${CONFIGURATION}-input-files.xcfilelist",
			);
			name = "[CP] Embed Pods Frameworks";
			outputFileListPaths = (
				"${PODS_ROOT}/Target Support Files/Pods-Instagram/Pods-Instagram-frameworks-${CONFIGURATION}-output-files.xcfilelist",
			);
			runOnlyForDeploymentPostprocessing = 0;
			shellPath = /bin/sh;
			shellScript = "\"${PODS_ROOT}/Target Support Files/Pods-Instagram/Pods-Instagram-frameworks.sh\"\n";
			showEnvVarsInLog = 0;
		};
/* End PBXShellScriptBuildPhase section */

/* Begin PBXSourcesBuildPhase section */
		497E21EE2637BAE0004355D5 /* Sources */ = {
			isa = PBXSourcesBuildPhase;
			buildActionMask = 2147483647;
			files = (
				496A7F27263D0B1000FB0965 /* PostTableViewCell.swift in Sources */,
				497E221B2637BE83004355D5 /* HomeViewController.swift in Sources */,
				497E222E2637CCBA004355D5 /* TabBarController.swift in Sources */,
				497E221F2637BEB0004355D5 /* ImageSelectViewController.swift in Sources */,
				497E22232637BEFB004355D5 /* PostViewController.swift in Sources */,
				497E22172637BE2C004355D5 /* LoginViewController.swift in Sources */,
				49B5855F263BD8BF00FF6417 /* PostData.swift in Sources */,
				497E22292637BF3B004355D5 /* SettingViewController.swift in Sources */,
				497E21F62637BAE0004355D5 /* AppDelegate.swift in Sources */,
				4943F0FD2648D0FE007B49B9 /* CommentsViewController.swift in Sources */,
				49B5853F263A921F00FF6417 /* Const.swift in Sources */,
				497E21F82637BAE0004355D5 /* SceneDelegate.swift in Sources */,
			);
			runOnlyForDeploymentPostprocessing = 0;
		};
/* End PBXSourcesBuildPhase section */

/* Begin PBXVariantGroup section */
		497E21FB2637BAE0004355D5 /* Main.storyboard */ = {
			isa = PBXVariantGroup;
			children = (
				497E21FC2637BAE0004355D5 /* Base */,
			);
			name = Main.storyboard;
			sourceTree = "<group>";
		};
		497E22002637BAE1004355D5 /* LaunchScreen.storyboard */ = {
			isa = PBXVariantGroup;
			children = (
				497E22012637BAE1004355D5 /* Base */,
			);
			name = LaunchScreen.storyboard;
			sourceTree = "<group>";
		};
/* End PBXVariantGroup section */

/* Begin XCBuildConfiguration section */
		497E22042637BAE1004355D5 /* Debug */ = {
			isa = XCBuildConfiguration;
			buildSettings = {
				ALWAYS_SEARCH_USER_PATHS = NO;
				CLANG_ANALYZER_NONNULL = YES;
				CLANG_ANALYZER_NUMBER_OBJECT_CONVERSION = YES_AGGRESSIVE;
				CLANG_CXX_LANGUAGE_STANDARD = "gnu++14";
				CLANG_CXX_LIBRARY = "libc++";
				CLANG_ENABLE_MODULES = YES;
				CLANG_ENABLE_OBJC_ARC = YES;
				CLANG_ENABLE_OBJC_WEAK = YES;
				CLANG_WARN_BLOCK_CAPTURE_AUTORELEASING = YES;
				CLANG_WARN_BOOL_CONVERSION = YES;
				CLANG_WARN_COMMA = YES;
				CLANG_WARN_CONSTANT_CONVERSION = YES;
				CLANG_WARN_DEPRECATED_OBJC_IMPLEMENTATIONS = YES;
				CLANG_WARN_DIRECT_OBJC_ISA_USAGE = YES_ERROR;
				CLANG_WARN_DOCUMENTATION_COMMENTS = YES;
				CLANG_WARN_EMPTY_BODY = YES;
				CLANG_WARN_ENUM_CONVERSION = YES;
				CLANG_WARN_INFINITE_RECURSION = YES;
				CLANG_WARN_INT_CONVERSION = YES;
				CLANG_WARN_NON_LITERAL_NULL_CONVERSION = YES;
				CLANG_WARN_OBJC_IMPLICIT_RETAIN_SELF = YES;
				CLANG_WARN_OBJC_LITERAL_CONVERSION = YES;
				CLANG_WARN_OBJC_ROOT_CLASS = YES_ERROR;
				CLANG_WARN_QUOTED_INCLUDE_IN_FRAMEWORK_HEADER = YES;
				CLANG_WARN_RANGE_LOOP_ANALYSIS = YES;
				CLANG_WARN_STRICT_PROTOTYPES = YES;
				CLANG_WARN_SUSPICIOUS_MOVE = YES;
				CLANG_WARN_UNGUARDED_AVAILABILITY = YES_AGGRESSIVE;
				CLANG_WARN_UNREACHABLE_CODE = YES;
				CLANG_WARN__DUPLICATE_METHOD_MATCH = YES;
				COPY_PHASE_STRIP = NO;
				DEBUG_INFORMATION_FORMAT = dwarf;
				ENABLE_STRICT_OBJC_MSGSEND = YES;
				ENABLE_TESTABILITY = YES;
				GCC_C_LANGUAGE_STANDARD = gnu11;
				GCC_DYNAMIC_NO_PIC = NO;
				GCC_NO_COMMON_BLOCKS = YES;
				GCC_OPTIMIZATION_LEVEL = 0;
				GCC_PREPROCESSOR_DEFINITIONS = (
					"DEBUG=1",
					"$(inherited)",
				);
				GCC_WARN_64_TO_32_BIT_CONVERSION = YES;
				GCC_WARN_ABOUT_RETURN_TYPE = YES_ERROR;
				GCC_WARN_UNDECLARED_SELECTOR = YES;
				GCC_WARN_UNINITIALIZED_AUTOS = YES_AGGRESSIVE;
				GCC_WARN_UNUSED_FUNCTION = YES;
				GCC_WARN_UNUSED_VARIABLE = YES;
				IPHONEOS_DEPLOYMENT_TARGET = 14.2;
				MTL_ENABLE_DEBUG_INFO = INCLUDE_SOURCE;
				MTL_FAST_MATH = YES;
				ONLY_ACTIVE_ARCH = YES;
				SDKROOT = iphoneos;
				SWIFT_ACTIVE_COMPILATION_CONDITIONS = DEBUG;
				SWIFT_OPTIMIZATION_LEVEL = "-Onone";
			};
			name = Debug;
		};
		497E22052637BAE1004355D5 /* Release */ = {
			isa = XCBuildConfiguration;
			buildSettings = {
				ALWAYS_SEARCH_USER_PATHS = NO;
				CLANG_ANALYZER_NONNULL = YES;
				CLANG_ANALYZER_NUMBER_OBJECT_CONVERSION = YES_AGGRESSIVE;
				CLANG_CXX_LANGUAGE_STANDARD = "gnu++14";
				CLANG_CXX_LIBRARY = "libc++";
				CLANG_ENABLE_MODULES = YES;
				CLANG_ENABLE_OBJC_ARC = YES;
				CLANG_ENABLE_OBJC_WEAK = YES;
				CLANG_WARN_BLOCK_CAPTURE_AUTORELEASING = YES;
				CLANG_WARN_BOOL_CONVERSION = YES;
				CLANG_WARN_COMMA = YES;
				CLANG_WARN_CONSTANT_CONVERSION = YES;
				CLANG_WARN_DEPRECATED_OBJC_IMPLEMENTATIONS = YES;
				CLANG_WARN_DIRECT_OBJC_ISA_USAGE = YES_ERROR;
				CLANG_WARN_DOCUMENTATION_COMMENTS = YES;
				CLANG_WARN_EMPTY_BODY = YES;
				CLANG_WARN_ENUM_CONVERSION = YES;
				CLANG_WARN_INFINITE_RECURSION = YES;
				CLANG_WARN_INT_CONVERSION = YES;
				CLANG_WARN_NON_LITERAL_NULL_CONVERSION = YES;
				CLANG_WARN_OBJC_IMPLICIT_RETAIN_SELF = YES;
				CLANG_WARN_OBJC_LITERAL_CONVERSION = YES;
				CLANG_WARN_OBJC_ROOT_CLASS = YES_ERROR;
				CLANG_WARN_QUOTED_INCLUDE_IN_FRAMEWORK_HEADER = YES;
				CLANG_WARN_RANGE_LOOP_ANALYSIS = YES;
				CLANG_WARN_STRICT_PROTOTYPES = YES;
				CLANG_WARN_SUSPICIOUS_MOVE = YES;
				CLANG_WARN_UNGUARDED_AVAILABILITY = YES_AGGRESSIVE;
				CLANG_WARN_UNREACHABLE_CODE = YES;
				CLANG_WARN__DUPLICATE_METHOD_MATCH = YES;
				COPY_PHASE_STRIP = NO;
				DEBUG_INFORMATION_FORMAT = "dwarf-with-dsym";
				ENABLE_NS_ASSERTIONS = NO;
				ENABLE_STRICT_OBJC_MSGSEND = YES;
				GCC_C_LANGUAGE_STANDARD = gnu11;
				GCC_NO_COMMON_BLOCKS = YES;
				GCC_WARN_64_TO_32_BIT_CONVERSION = YES;
				GCC_WARN_ABOUT_RETURN_TYPE = YES_ERROR;
				GCC_WARN_UNDECLARED_SELECTOR = YES;
				GCC_WARN_UNINITIALIZED_AUTOS = YES_AGGRESSIVE;
				GCC_WARN_UNUSED_FUNCTION = YES;
				GCC_WARN_UNUSED_VARIABLE = YES;
				IPHONEOS_DEPLOYMENT_TARGET = 14.2;
				MTL_ENABLE_DEBUG_INFO = NO;
				MTL_FAST_MATH = YES;
				SDKROOT = iphoneos;
				SWIFT_COMPILATION_MODE = wholemodule;
				SWIFT_OPTIMIZATION_LEVEL = "-O";
				VALIDATE_PRODUCT = YES;
			};
			name = Release;
		};
		497E22072637BAE1004355D5 /* Debug */ = {
			isa = XCBuildConfiguration;
			baseConfigurationReference = 5E16E2030F54D622730A14B2 /* Pods-Instagram.debug.xcconfig */;
			buildSettings = {
				ASSETCATALOG_COMPILER_APPICON_NAME = AppIcon;
				ASSETCATALOG_COMPILER_GLOBAL_ACCENT_COLOR_NAME = AccentColor;
				CODE_SIGN_STYLE = Automatic;
				DEVELOPMENT_TEAM = 9PNT5B7ST4;
				INFOPLIST_FILE = Instagram/Info.plist;
				IPHONEOS_DEPLOYMENT_TARGET = 14.2;
				LD_RUNPATH_SEARCH_PATHS = (
					"$(inherited)",
					"@executable_path/Frameworks",
				);
				PRODUCT_BUNDLE_IDENTIFIER = jp.techacademy.amy.358.Instagram;
				PRODUCT_NAME = "$(TARGET_NAME)";
				SWIFT_VERSION = 5.0;
				TARGETED_DEVICE_FAMILY = 1;
			};
			name = Debug;
		};
		497E22082637BAE1004355D5 /* Release */ = {
			isa = XCBuildConfiguration;
			baseConfigurationReference = F3079EE7AF464F8FB1075D1A /* Pods-Instagram.release.xcconfig */;
			buildSettings = {
				ASSETCATALOG_COMPILER_APPICON_NAME = AppIcon;
				ASSETCATALOG_COMPILER_GLOBAL_ACCENT_COLOR_NAME = AccentColor;
				CODE_SIGN_STYLE = Automatic;
				DEVELOPMENT_TEAM = 9PNT5B7ST4;
				INFOPLIST_FILE = Instagram/Info.plist;
				IPHONEOS_DEPLOYMENT_TARGET = 14.2;
				LD_RUNPATH_SEARCH_PATHS = (
					"$(inherited)",
					"@executable_path/Frameworks",
				);
				PRODUCT_BUNDLE_IDENTIFIER = jp.techacademy.amy.358.Instagram;
				PRODUCT_NAME = "$(TARGET_NAME)";
				SWIFT_VERSION = 5.0;
				TARGETED_DEVICE_FAMILY = 1;
			};
			name = Release;
		};
/* End XCBuildConfiguration section */

/* Begin XCConfigurationList section */
		497E21ED2637BAE0004355D5 /* Build configuration list for PBXProject "Instagram" */ = {
			isa = XCConfigurationList;
			buildConfigurations = (
				497E22042637BAE1004355D5 /* Debug */,
				497E22052637BAE1004355D5 /* Release */,
			);
			defaultConfigurationIsVisible = 0;
			defaultConfigurationName = Release;
		};
		497E22062637BAE1004355D5 /* Build configuration list for PBXNativeTarget "Instagram" */ = {
			isa = XCConfigurationList;
			buildConfigurations = (
				497E22072637BAE1004355D5 /* Debug */,
				497E22082637BAE1004355D5 /* Release */,
			);
			defaultConfigurationIsVisible = 0;
			defaultConfigurationName = Release;
		};
/* End XCConfigurationList section */
	};
	rootObject = 497E21EA2637BAE0004355D5 /* Project object */;
}
